
Microsoft Visual Studio Solution File, Format Version 12.00
# Visual Studio Version 17
VisualStudioVersion = 17.7.34221.43
MinimumVisualStudioVersion = 10.0.40219.1
Project("{9A19103F-16F7-4668-BE54-9A1E7A4F7556}") = "GigaChat_Bot", "GigaChat_Bot\GigaChat_Bot.csproj", "{86ECBB8D-C82F-4B76-9FA3-48D6BDF1142D}"
EndProject
Global
	GlobalSection(SolutionConfigurationPlatforms) = preSolution
		Debug|Any CPU = Debug|Any CPU
		Release|Any CPU = Release|Any CPU
	EndGlobalSection
	GlobalSection(ProjectConfigurationPlatforms) = postSolution
		{86ECBB8D-C82F-4B76-9FA3-48D6BDF1142D}.Debug|Any CPU.ActiveCfg = Debug|Any CPU
		{86ECBB8D-C82F-4B76-9FA3-48D6BDF1142D}.Debug|Any CPU.Build.0 = Debug|Any CPU
		{86ECBB8D-C82F-4B76-9FA3-48D6BDF1142D}.Release|Any CPU.ActiveCfg = Release|Any CPU
		{86ECBB8D-C82F-4B76-9FA3-48D6BDF1142D}.Release|Any CPU.Build.0 = Release|Any CPU
		{F7939906-6A97-47DB-9886-369FC001C47B}.Debug|Any CPU.ActiveCfg = Debug|Any CPU
		{F7939906-6A97-47DB-9886-369FC001C47B}.Debug|Any CPU.Build.0 = Debug|Any CPU
		{F7939906-6A97-47DB-9886-369FC001C47B}.Release|Any CPU.ActiveCfg = Release|Any CPU
		{F7939906-6A97-47DB-9886-369FC001C47B}.Release|Any CPU.Build.0 = Release|Any CPU
	EndGlobalSection
	GlobalSection(SolutionProperties) = preSolution
		HideSolutionNode = FALSE
	EndGlobalSection
	GlobalSection(ExtensibilityGlobals) = postSolution
		SolutionGuid = {3860A0D9-411C-4CEF-BCD2-3B2C7F921861}
	EndGlobalSection
EndGlobal
